// !$*UTF8*$!
{
	archiveVersion = 1;
	classes = {
	};
	objectVersion = 56;
	objects = {

/* Begin PBXBuildFile section */
		D2610C3A28FC93F800A02A36 /* EverythingApp.swift in Sources */ = {isa = PBXBuildFile; fileRef = D2610C3928FC93F800A02A36 /* EverythingApp.swift */; };
		D2610C3C28FC93F800A02A36 /* ContentView.swift in Sources */ = {isa = PBXBuildFile; fileRef = D2610C3B28FC93F800A02A36 /* ContentView.swift */; };
		D2610C3E28FC93F900A02A36 /* Assets.xcassets in Resources */ = {isa = PBXBuildFile; fileRef = D2610C3D28FC93F900A02A36 /* Assets.xcassets */; };
		D2610C4128FC93F900A02A36 /* Preview Assets.xcassets in Resources */ = {isa = PBXBuildFile; fileRef = D2610C4028FC93F900A02A36 /* Preview Assets.xcassets */; };
		D2610C4B28FC93F900A02A36 /* EverythingTests.swift in Sources */ = {isa = PBXBuildFile; fileRef = D2610C4A28FC93F900A02A36 /* EverythingTests.swift */; };
		D2610C5528FC93F900A02A36 /* EverythingUITests.swift in Sources */ = {isa = PBXBuildFile; fileRef = D2610C5428FC93F900A02A36 /* EverythingUITests.swift */; };
		D2610C5728FC93F900A02A36 /* EverythingUITestsLaunchTests.swift in Sources */ = {isa = PBXBuildFile; fileRef = D2610C5628FC93F900A02A36 /* EverythingUITestsLaunchTests.swift */; };
/* End PBXBuildFile section */

/* Begin PBXContainerItemProxy section */
		D2610C4728FC93F900A02A36 /* PBXContainerItemProxy */ = {
			isa = PBXContainerItemProxy;
			containerPortal = D2610C2E28FC93F800A02A36 /* Project object */;
			proxyType = 1;
			remoteGlobalIDString = D2610C3528FC93F800A02A36;
			remoteInfo = Everything;
		};
		D2610C5128FC93F900A02A36 /* PBXContainerItemProxy */ = {
			isa = PBXContainerItemProxy;
			containerPortal = D2610C2E28FC93F800A02A36 /* Project object */;
			proxyType = 1;
			remoteGlobalIDString = D2610C3528FC93F800A02A36;
			remoteInfo = Everything;
		};
/* End PBXContainerItemProxy section */

/* Begin PBXFileReference section */
		D2610C3628FC93F800A02A36 /* Everything.app */ = {isa = PBXFileReference; explicitFileType = wrapper.application; includeInIndex = 0; path = Everything.app; sourceTree = BUILT_PRODUCTS_DIR; };
		D2610C3928FC93F800A02A36 /* EverythingApp.swift */ = {isa = PBXFileReference; lastKnownFileType = sourcecode.swift; path = EverythingApp.swift; sourceTree = "<group>"; };
		D2610C3B28FC93F800A02A36 /* ContentView.swift */ = {isa = PBXFileReference; lastKnownFileType = sourcecode.swift; path = ContentView.swift; sourceTree = "<group>"; };
		D2610C3D28FC93F900A02A36 /* Assets.xcassets */ = {isa = PBXFileReference; lastKnownFileType = folder.assetcatalog; path = Assets.xcassets; sourceTree = "<group>"; };
		D2610C4028FC93F900A02A36 /* Preview Assets.xcassets */ = {isa = PBXFileReference; lastKnownFileType = folder.assetcatalog; path = "Preview Assets.xcassets"; sourceTree = "<group>"; };
		D2610C4628FC93F900A02A36 /* EverythingTests.xctest */ = {isa = PBXFileReference; explicitFileType = wrapper.cfbundle; includeInIndex = 0; path = EverythingTests.xctest; sourceTree = BUILT_PRODUCTS_DIR; };
		D2610C4A28FC93F900A02A36 /* EverythingTests.swift */ = {isa = PBXFileReference; lastKnownFileType = sourcecode.swift; path = EverythingTests.swift; sourceTree = "<group>"; };
		D2610C5028FC93F900A02A36 /* EverythingUITests.xctest */ = {isa = PBXFileReference; explicitFileType = wrapper.cfbundle; includeInIndex = 0; path = EverythingUITests.xctest; sourceTree = BUILT_PRODUCTS_DIR; };
		D2610C5428FC93F900A02A36 /* EverythingUITests.swift */ = {isa = PBXFileReference; lastKnownFileType = sourcecode.swift; path = EverythingUITests.swift; sourceTree = "<group>"; };
		D2610C5628FC93F900A02A36 /* EverythingUITestsLaunchTests.swift */ = {isa = PBXFileReference; lastKnownFileType = sourcecode.swift; path = EverythingUITestsLaunchTests.swift; sourceTree = "<group>"; };
/* End PBXFileReference section */

/* Begin PBXFrameworksBuildPhase section */
		D2610C3328FC93F800A02A36 /* Frameworks */ = {
			isa = PBXFrameworksBuildPhase;
			buildActionMask = 2147483647;
			files = (
			);
			runOnlyForDeploymentPostprocessing = 0;
		};
		D2610C4328FC93F900A02A36 /* Frameworks */ = {
			isa = PBXFrameworksBuildPhase;
			buildActionMask = 2147483647;
			files = (
			);
			runOnlyForDeploymentPostprocessing = 0;
		};
		D2610C4D28FC93F900A02A36 /* Frameworks */ = {
			isa = PBXFrameworksBuildPhase;
			buildActionMask = 2147483647;
			files = (
			);
			runOnlyForDeploymentPostprocessing = 0;
		};
/* End PBXFrameworksBuildPhase section */

/* Begin PBXGroup section */
		D2610C2D28FC93F800A02A36 = {
			isa = PBXGroup;
			children = (
				D2610C3828FC93F800A02A36 /* Everything */,
				D2610C4928FC93F900A02A36 /* EverythingTests */,
				D2610C5328FC93F900A02A36 /* EverythingUITests */,
				D2610C3728FC93F800A02A36 /* Products */,
			);
			sourceTree = "<group>";
		};
		D2610C3728FC93F800A02A36 /* Products */ = {
			isa = PBXGroup;
			children = (
				D2610C3628FC93F800A02A36 /* Everything.app */,
				D2610C4628FC93F900A02A36 /* EverythingTests.xctest */,
				D2610C5028FC93F900A02A36 /* EverythingUITests.xctest */,
			);
			name = Products;
			sourceTree = "<group>";
		};
		D2610C3828FC93F800A02A36 /* Everything */ = {
			isa = PBXGroup;
			children = (
				D2610C3928FC93F800A02A36 /* EverythingApp.swift */,
				D2610C3B28FC93F800A02A36 /* ContentView.swift */,
				D2610C3D28FC93F900A02A36 /* Assets.xcassets */,
				D2610C3F28FC93F900A02A36 /* Preview Content */,
			);
			path = Everything;
			sourceTree = "<group>";
		};
		D2610C3F28FC93F900A02A36 /* Preview Content */ = {
			isa = PBXGroup;
			children = (
				D2610C4028FC93F900A02A36 /* Preview Assets.xcassets */,
			);
			path = "Preview Content";
			sourceTree = "<group>";
		};
		D2610C4928FC93F900A02A36 /* EverythingTests */ = {
			isa = PBXGroup;
			children = (
				D2610C4A28FC93F900A02A36 /* EverythingTests.swift */,
			);
			path = EverythingTests;
			sourceTree = "<group>";
		};
		D2610C5328FC93F900A02A36 /* EverythingUITests */ = {
			isa = PBXGroup;
			children = (
				D2610C5428FC93F900A02A36 /* EverythingUITests.swift */,
				D2610C5628FC93F900A02A36 /* EverythingUITestsLaunchTests.swift */,
			);
			path = EverythingUITests;
			sourceTree = "<group>";
		};
/* End PBXGroup section */

/* Begin PBXNativeTarget section */
		D2610C3528FC93F800A02A36 /* Everything */ = {
			isa = PBXNativeTarget;
			buildConfigurationList = D2610C5A28FC93F900A02A36 /* Build configuration list for PBXNativeTarget "Everything" */;
			buildPhases = (
				D2610C3228FC93F800A02A36 /* Sources */,
				D2610C3328FC93F800A02A36 /* Frameworks */,
				D2610C3428FC93F800A02A36 /* Resources */,
			);
			buildRules = (
			);
			dependencies = (
			);
			name = Everything;
			productName = Everything;
			productReference = D2610C3628FC93F800A02A36 /* Everything.app */;
			productType = "com.apple.product-type.application";
		};
		D2610C4528FC93F900A02A36 /* EverythingTests */ = {
			isa = PBXNativeTarget;
			buildConfigurationList = D2610C5D28FC93F900A02A36 /* Build configuration list for PBXNativeTarget "EverythingTests" */;
			buildPhases = (
				D2610C4228FC93F900A02A36 /* Sources */,
				D2610C4328FC93F900A02A36 /* Frameworks */,
				D2610C4428FC93F900A02A36 /* Resources */,
			);
			buildRules = (
			);
			dependencies = (
				D2610C4828FC93F900A02A36 /* PBXTargetDependency */,
			);
			name = EverythingTests;
			productName = EverythingTests;
			productReference = D2610C4628FC93F900A02A36 /* EverythingTests.xctest */;
			productType = "com.apple.product-type.bundle.unit-test";
		};
		D2610C4F28FC93F900A02A36 /* EverythingUITests */ = {
			isa = PBXNativeTarget;
			buildConfigurationList = D2610C6028FC93F900A02A36 /* Build configuration list for PBXNativeTarget "EverythingUITests" */;
			buildPhases = (
				D2610C4C28FC93F900A02A36 /* Sources */,
				D2610C4D28FC93F900A02A36 /* Frameworks */,
				D2610C4E28FC93F900A02A36 /* Resources */,
			);
			buildRules = (
			);
			dependencies = (
				D2610C5228FC93F900A02A36 /* PBXTargetDependency */,
			);
			name = EverythingUITests;
			productName = EverythingUITests;
			productReference = D2610C5028FC93F900A02A36 /* EverythingUITests.xctest */;
			productType = "com.apple.product-type.bundle.ui-testing";
		};
/* End PBXNativeTarget section */

/* Begin PBXProject section */
		D2610C2E28FC93F800A02A36 /* Project object */ = {
			isa = PBXProject;
			attributes = {
				BuildIndependentTargetsInParallel = 1;
				LastSwiftUpdateCheck = 1400;
				LastUpgradeCheck = 1400;
				TargetAttributes = {
					D2610C3528FC93F800A02A36 = {
						CreatedOnToolsVersion = 14.0.1;
					};
					D2610C4528FC93F900A02A36 = {
						CreatedOnToolsVersion = 14.0.1;
						TestTargetID = D2610C3528FC93F800A02A36;
					};
					D2610C4F28FC93F900A02A36 = {
						CreatedOnToolsVersion = 14.0.1;
						TestTargetID = D2610C3528FC93F800A02A36;
					};
				};
			};
			buildConfigurationList = D2610C3128FC93F800A02A36 /* Build configuration list for PBXProject "Everything" */;
			compatibilityVersion = "Xcode 14.0";
			developmentRegion = en;
			hasScannedForEncodings = 0;
			knownRegions = (
				en,
				Base,
			);
			mainGroup = D2610C2D28FC93F800A02A36;
			productRefGroup = D2610C3728FC93F800A02A36 /* Products */;
			projectDirPath = "";
			projectRoot = "";
			targets = (
				D2610C3528FC93F800A02A36 /* Everything */,
				D2610C4528FC93F900A02A36 /* EverythingTests */,
				D2610C4F28FC93F900A02A36 /* EverythingUITests */,
			);
		};
/* End PBXProject section */

/* Begin PBXResourcesBuildPhase section */
		D2610C3428FC93F800A02A36 /* Resources */ = {
			isa = PBXResourcesBuildPhase;
			buildActionMask = 2147483647;
			files = (
				D2610C4128FC93F900A02A36 /* Preview Assets.xcassets in Resources */,
				D2610C3E28FC93F900A02A36 /* Assets.xcassets in Resources */,
			);
			runOnlyForDeploymentPostprocessing = 0;
		};
		D2610C4428FC93F900A02A36 /* Resources */ = {
			isa = PBXResourcesBuildPhase;
			buildActionMask = 2147483647;
			files = (
			);
			runOnlyForDeploymentPostprocessing = 0;
		};
		D2610C4E28FC93F900A02A36 /* Resources */ = {
			isa = PBXResourcesBuildPhase;
			buildActionMask = 2147483647;
			files = (
			);
			runOnlyForDeploymentPostprocessing = 0;
		};
/* End PBXResourcesBuildPhase section */

/* Begin PBXSourcesBuildPhase section */
		D2610C3228FC93F800A02A36 /* Sources */ = {
			isa = PBXSourcesBuildPhase;
			buildActionMask = 2147483647;
			files = (
				D2610C3C28FC93F800A02A36 /* ContentView.swift in Sources */,
				D2610C3A28FC93F800A02A36 /* EverythingApp.swift in Sources */,
			);
			runOnlyForDeploymentPostprocessing = 0;
		};
		D2610C4228FC93F900A02A36 /* Sources */ = {
			isa = PBXSourcesBuildPhase;
			buildActionMask = 2147483647;
			files = (
				D2610C4B28FC93F900A02A36 /* EverythingTests.swift in Sources */,
			);
			runOnlyForDeploymentPostprocessing = 0;
		};
		D2610C4C28FC93F900A02A36 /* Sources */ = {
			isa = PBXSourcesBuildPhase;
			buildActionMask = 2147483647;
			files = (
				D2610C5528FC93F900A02A36 /* EverythingUITests.swift in Sources */,
				D2610C5728FC93F900A02A36 /* EverythingUITestsLaunchTests.swift in Sources */,
			);
			runOnlyForDeploymentPostprocessing = 0;
		};
/* End PBXSourcesBuildPhase section */

/* Begin PBXTargetDependency section */
		D2610C4828FC93F900A02A36 /* PBXTargetDependency */ = {
			isa = PBXTargetDependency;
			target = D2610C3528FC93F800A02A36 /* Everything */;
			targetProxy = D2610C4728FC93F900A02A36 /* PBXContainerItemProxy */;
		};
		D2610C5228FC93F900A02A36 /* PBXTargetDependency */ = {
			isa = PBXTargetDependency;
			target = D2610C3528FC93F800A02A36 /* Everything */;
			targetProxy = D2610C5128FC93F900A02A36 /* PBXContainerItemProxy */;
		};
/* End PBXTargetDependency section */

/* Begin XCBuildConfiguration section */
		D2610C5828FC93F900A02A36 /* Debug */ = {
			isa = XCBuildConfiguration;
			buildSettings = {
				ALWAYS_SEARCH_USER_PATHS = NO;
				CLANG_ANALYZER_NONNULL = YES;
				CLANG_ANALYZER_NUMBER_OBJECT_CONVERSION = YES_AGGRESSIVE;
				CLANG_CXX_LANGUAGE_STANDARD = "gnu++20";
				CLANG_ENABLE_MODULES = YES;
				CLANG_ENABLE_OBJC_ARC = YES;
				CLANG_ENABLE_OBJC_WEAK = YES;
				CLANG_WARN_BLOCK_CAPTURE_AUTORELEASING = YES;
				CLANG_WARN_BOOL_CONVERSION = YES;
				CLANG_WARN_COMMA = YES;
				CLANG_WARN_CONSTANT_CONVERSION = YES;
				CLANG_WARN_DEPRECATED_OBJC_IMPLEMENTATIONS = YES;
				CLANG_WARN_DIRECT_OBJC_ISA_USAGE = YES_ERROR;
				CLANG_WARN_DOCUMENTATION_COMMENTS = YES;
				CLANG_WARN_EMPTY_BODY = YES;
				CLANG_WARN_ENUM_CONVERSION = YES;
				CLANG_WARN_INFINITE_RECURSION = YES;
				CLANG_WARN_INT_CONVERSION = YES;
				CLANG_WARN_NON_LITERAL_NULL_CONVERSION = YES;
				CLANG_WARN_OBJC_IMPLICIT_RETAIN_SELF = YES;
				CLANG_WARN_OBJC_LITERAL_CONVERSION = YES;
				CLANG_WARN_OBJC_ROOT_CLASS = YES_ERROR;
				CLANG_WARN_QUOTED_INCLUDE_IN_FRAMEWORK_HEADER = YES;
				CLANG_WARN_RANGE_LOOP_ANALYSIS = YES;
				CLANG_WARN_STRICT_PROTOTYPES = YES;
				CLANG_WARN_SUSPICIOUS_MOVE = YES;
				CLANG_WARN_UNGUARDED_AVAILABILITY = YES_AGGRESSIVE;
				CLANG_WARN_UNREACHABLE_CODE = YES;
				CLANG_WARN__DUPLICATE_METHOD_MATCH = YES;
				COPY_PHASE_STRIP = NO;
				DEBUG_INFORMATION_FORMAT = dwarf;
				ENABLE_STRICT_OBJC_MSGSEND = YES;
				ENABLE_TESTABILITY = YES;
				GCC_C_LANGUAGE_STANDARD = gnu11;
				GCC_DYNAMIC_NO_PIC = NO;
				GCC_NO_COMMON_BLOCKS = YES;
				GCC_OPTIMIZATION_LEVEL = 0;
				GCC_PREPROCESSOR_DEFINITIONS = (
					"DEBUG=1",
					"$(inherited)",
				);
				GCC_WARN_64_TO_32_BIT_CONVERSION = YES;
				GCC_WARN_ABOUT_RETURN_TYPE = YES_ERROR;
				GCC_WARN_UNDECLARED_SELECTOR = YES;
				GCC_WARN_UNINITIALIZED_AUTOS = YES_AGGRESSIVE;
				GCC_WARN_UNUSED_FUNCTION = YES;
				GCC_WARN_UNUSED_VARIABLE = YES;
				IPHONEOS_DEPLOYMENT_TARGET = 16.0;
				MTL_ENABLE_DEBUG_INFO = INCLUDE_SOURCE;
				MTL_FAST_MATH = YES;
				ONLY_ACTIVE_ARCH = YES;
				SDKROOT = iphoneos;
				SWIFT_ACTIVE_COMPILATION_CONDITIONS = DEBUG;
				SWIFT_OPTIMIZATION_LEVEL = "-Onone";
			};
			name = Debug;
		};
		D2610C5928FC93F900A02A36 /* Release */ = {
			isa = XCBuildConfiguration;
			buildSettings = {
				ALWAYS_SEARCH_USER_PATHS = NO;
				CLANG_ANALYZER_NONNULL = YES;
				CLANG_ANALYZER_NUMBER_OBJECT_CONVERSION = YES_AGGRESSIVE;
				CLANG_CXX_LANGUAGE_STANDARD = "gnu++20";
				CLANG_ENABLE_MODULES = YES;
				CLANG_ENABLE_OBJC_ARC = YES;
				CLANG_ENABLE_OBJC_WEAK = YES;
				CLANG_WARN_BLOCK_CAPTURE_AUTORELEASING = YES;
				CLANG_WARN_BOOL_CONVERSION = YES;
				CLANG_WARN_COMMA = YES;
				CLANG_WARN_CONSTANT_CONVERSION = YES;
				CLANG_WARN_DEPRECATED_OBJC_IMPLEMENTATIONS = YES;
				CLANG_WARN_DIRECT_OBJC_ISA_USAGE = YES_ERROR;
				CLANG_WARN_DOCUMENTATION_COMMENTS = YES;
				CLANG_WARN_EMPTY_BODY = YES;
				CLANG_WARN_ENUM_CONVERSION = YES;
				CLANG_WARN_INFINITE_RECURSION = YES;
				CLANG_WARN_INT_CONVERSION = YES;
				CLANG_WARN_NON_LITERAL_NULL_CONVERSION = YES;
				CLANG_WARN_OBJC_IMPLICIT_RETAIN_SELF = YES;
				CLANG_WARN_OBJC_LITERAL_CONVERSION = YES;
				CLANG_WARN_OBJC_ROOT_CLASS = YES_ERROR;
				CLANG_WARN_QUOTED_INCLUDE_IN_FRAMEWORK_HEADER = YES;
				CLANG_WARN_RANGE_LOOP_ANALYSIS = YES;
				CLANG_WARN_STRICT_PROTOTYPES = YES;
				CLANG_WARN_SUSPICIOUS_MOVE = YES;
				CLANG_WARN_UNGUARDED_AVAILABILITY = YES_AGGRESSIVE;
				CLANG_WARN_UNREACHABLE_CODE = YES;
				CLANG_WARN__DUPLICATE_METHOD_MATCH = YES;
				COPY_PHASE_STRIP = NO;
				DEBUG_INFORMATION_FORMAT = "dwarf-with-dsym";
				ENABLE_NS_ASSERTIONS = NO;
				ENABLE_STRICT_OBJC_MSGSEND = YES;
				GCC_C_LANGUAGE_STANDARD = gnu11;
				GCC_NO_COMMON_BLOCKS = YES;
				GCC_WARN_64_TO_32_BIT_CONVERSION = YES;
				GCC_WARN_ABOUT_RETURN_TYPE = YES_ERROR;
				GCC_WARN_UNDECLARED_SELECTOR = YES;
				GCC_WARN_UNINITIALIZED_AUTOS = YES_AGGRESSIVE;
				GCC_WARN_UNUSED_FUNCTION = YES;
				GCC_WARN_UNUSED_VARIABLE = YES;
				IPHONEOS_DEPLOYMENT_TARGET = 16.0;
				MTL_ENABLE_DEBUG_INFO = NO;
				MTL_FAST_MATH = YES;
				SDKROOT = iphoneos;
				SWIFT_COMPILATION_MODE = wholemodule;
				SWIFT_OPTIMIZATION_LEVEL = "-O";
				VALIDATE_PRODUCT = YES;
			};
			name = Release;
		};
		D2610C5B28FC93F900A02A36 /* Debug */ = {
			isa = XCBuildConfiguration;
			buildSettings = {
				ASSETCATALOG_COMPILER_APPICON_NAME = AppIcon;
				ASSETCATALOG_COMPILER_GLOBAL_ACCENT_COLOR_NAME = AccentColor;
				CODE_SIGN_STYLE = Automatic;
				CURRENT_PROJECT_VERSION = 1;
				DEVELOPMENT_ASSET_PATHS = "\"Everything/Preview Content\"";
				DEVELOPMENT_TEAM = F7Y28W8BSK;
				ENABLE_PREVIEWS = YES;
				GENERATE_INFOPLIST_FILE = YES;
				INFOPLIST_KEY_UIApplicationSceneManifest_Generation = YES;
				INFOPLIST_KEY_UIApplicationSupportsIndirectInputEvents = YES;
				INFOPLIST_KEY_UILaunchScreen_Generation = YES;
				INFOPLIST_KEY_UISupportedInterfaceOrientations_iPad = "UIInterfaceOrientationPortrait UIInterfaceOrientationPortraitUpsideDown UIInterfaceOrientationLandscapeLeft UIInterfaceOrientationLandscapeRight";
				INFOPLIST_KEY_UISupportedInterfaceOrientations_iPhone = "UIInterfaceOrientationPortrait UIInterfaceOrientationLandscapeLeft UIInterfaceOrientationLandscapeRight";
				LD_RUNPATH_SEARCH_PATHS = (
					"$(inherited)",
					"@executable_path/Frameworks",
				);
				MARKETING_VERSION = 1.0;
				PRODUCT_BUNDLE_IDENTIFIER = com.recker.Everything;
				PRODUCT_NAME = "$(TARGET_NAME)";
				SWIFT_EMIT_LOC_STRINGS = YES;
				SWIFT_VERSION = 5.0;
				TARGETED_DEVICE_FAMILY = "1,2";
			};
			name = Debug;
		};
		D2610C5C28FC93F900A02A36 /* Release */ = {
			isa = XCBuildConfiguration;
			buildSettings = {
				ASSETCATALOG_COMPILER_APPICON_NAME = AppIcon;
				ASSETCATALOG_COMPILER_GLOBAL_ACCENT_COLOR_NAME = AccentColor;
				CODE_SIGN_STYLE = Automatic;
				CURRENT_PROJECT_VERSION = 1;
				DEVELOPMENT_ASSET_PATHS = "\"Everything/Preview Content\"";
				DEVELOPMENT_TEAM = F7Y28W8BSK;
				ENABLE_PREVIEWS = YES;
				GENERATE_INFOPLIST_FILE = YES;
				INFOPLIST_KEY_UIApplicationSceneManifest_Generation = YES;
				INFOPLIST_KEY_UIApplicationSupportsIndirectInputEvents = YES;
				INFOPLIST_KEY_UILaunchScreen_Generation = YES;
				INFOPLIST_KEY_UISupportedInterfaceOrientations_iPad = "UIInterfaceOrientationPortrait UIInterfaceOrientationPortraitUpsideDown UIInterfaceOrientationLandscapeLeft UIInterfaceOrientationLandscapeRight";
				INFOPLIST_KEY_UISupportedInterfaceOrientations_iPhone = "UIInterfaceOrientationPortrait UIInterfaceOrientationLandscapeLeft UIInterfaceOrientationLandscapeRight";
				LD_RUNPATH_SEARCH_PATHS = (
					"$(inherited)",
					"@executable_path/Frameworks",
				);
				MARKETING_VERSION = 1.0;
				PRODUCT_BUNDLE_IDENTIFIER = com.recker.Everything;
				PRODUCT_NAME = "$(TARGET_NAME)";
				SWIFT_EMIT_LOC_STRINGS = YES;
				SWIFT_VERSION = 5.0;
				TARGETED_DEVICE_FAMILY = "1,2";
			};
			name = Release;
		};
		D2610C5E28FC93F900A02A36 /* Debug */ = {
			isa = XCBuildConfiguration;
			buildSettings = {
				ALWAYS_EMBED_SWIFT_STANDARD_LIBRARIES = YES;
				BUNDLE_LOADER = "$(TEST_HOST)";
				CODE_SIGN_STYLE = Automatic;
				CURRENT_PROJECT_VERSION = 1;
				DEVELOPMENT_TEAM = F7Y28W8BSK;
				GENERATE_INFOPLIST_FILE = YES;
				IPHONEOS_DEPLOYMENT_TARGET = 16.0;
				MARKETING_VERSION = 1.0;
				PRODUCT_BUNDLE_IDENTIFIER = com.recker.EverythingTests;
				PRODUCT_NAME = "$(TARGET_NAME)";
				SWIFT_EMIT_LOC_STRINGS = NO;
				SWIFT_VERSION = 5.0;
				TARGETED_DEVICE_FAMILY = "1,2";
				TEST_HOST = "$(BUILT_PRODUCTS_DIR)/Everything.app/$(BUNDLE_EXECUTABLE_FOLDER_PATH)/Everything";
			};
			name = Debug;
		};
		D2610C5F28FC93F900A02A36 /* Release */ = {
			isa = XCBuildConfiguration;
			buildSettings = {
				ALWAYS_EMBED_SWIFT_STANDARD_LIBRARIES = YES;
				BUNDLE_LOADER = "$(TEST_HOST)";
				CODE_SIGN_STYLE = Automatic;
				CURRENT_PROJECT_VERSION = 1;
				DEVELOPMENT_TEAM = F7Y28W8BSK;
				GENERATE_INFOPLIST_FILE = YES;
				IPHONEOS_DEPLOYMENT_TARGET = 16.0;
				MARKETING_VERSION = 1.0;
				PRODUCT_BUNDLE_IDENTIFIER = com.recker.EverythingTests;
				PRODUCT_NAME = "$(TARGET_NAME)";
				SWIFT_EMIT_LOC_STRINGS = NO;
				SWIFT_VERSION = 5.0;
				TARGETED_DEVICE_FAMILY = "1,2";
				TEST_HOST = "$(BUILT_PRODUCTS_DIR)/Everything.app/$(BUNDLE_EXECUTABLE_FOLDER_PATH)/Everything";
			};
			name = Release;
		};
		D2610C6128FC93F900A02A36 /* Debug */ = {
			isa = XCBuildConfiguration;
			buildSettings = {
				ALWAYS_EMBED_SWIFT_STANDARD_LIBRARIES = YES;
				CODE_SIGN_STYLE = Automatic;
				CURRENT_PROJECT_VERSION = 1;
				DEVELOPMENT_TEAM = F7Y28W8BSK;
				GENERATE_INFOPLIST_FILE = YES;
				MARKETING_VERSION = 1.0;
				PRODUCT_BUNDLE_IDENTIFIER = com.recker.EverythingUITests;
				PRODUCT_NAME = "$(TARGET_NAME)";
				SWIFT_EMIT_LOC_STRINGS = NO;
				SWIFT_VERSION = 5.0;
				TARGETED_DEVICE_FAMILY = "1,2";
				TEST_TARGET_NAME = Everything;
			};
			name = Debug;
		};
		D2610C6228FC93F900A02A36 /* Release */ = {
			isa = XCBuildConfiguration;
			buildSettings = {
				ALWAYS_EMBED_SWIFT_STANDARD_LIBRARIES = YES;
				CODE_SIGN_STYLE = Automatic;
				CURRENT_PROJECT_VERSION = 1;
				DEVELOPMENT_TEAM = F7Y28W8BSK;
				GENERATE_INFOPLIST_FILE = YES;
				MARKETING_VERSION = 1.0;
				PRODUCT_BUNDLE_IDENTIFIER = com.recker.EverythingUITests;
				PRODUCT_NAME = "$(TARGET_NAME)";
				SWIFT_EMIT_LOC_STRINGS = NO;
				SWIFT_VERSION = 5.0;
				TARGETED_DEVICE_FAMILY = "1,2";
				TEST_TARGET_NAME = Everything;
			};
			name = Release;
		};
/* End XCBuildConfiguration section */

/* Begin XCConfigurationList section */
		D2610C3128FC93F800A02A36 /* Build configuration list for PBXProject "Everything" */ = {
			isa = XCConfigurationList;
			buildConfigurations = (
				D2610C5828FC93F900A02A36 /* Debug */,
				D2610C5928FC93F900A02A36 /* Release */,
			);
			defaultConfigurationIsVisible = 0;
			defaultConfigurationName = Release;
		};
		D2610C5A28FC93F900A02A36 /* Build configuration list for PBXNativeTarget "Everything" */ = {
			isa = XCConfigurationList;
			buildConfigurations = (
				D2610C5B28FC93F900A02A36 /* Debug */,
				D2610C5C28FC93F900A02A36 /* Release */,
			);
			defaultConfigurationIsVisible = 0;
			defaultConfigurationName = Release;
		};
		D2610C5D28FC93F900A02A36 /* Build configuration list for PBXNativeTarget "EverythingTests" */ = {
			isa = XCConfigurationList;
			buildConfigurations = (
				D2610C5E28FC93F900A02A36 /* Debug */,
				D2610C5F28FC93F900A02A36 /* Release */,
			);
			defaultConfigurationIsVisible = 0;
			defaultConfigurationName = Release;
		};
		D2610C6028FC93F900A02A36 /* Build configuration list for PBXNativeTarget "EverythingUITests" */ = {
			isa = XCConfigurationList;
			buildConfigurations = (
				D2610C6128FC93F900A02A36 /* Debug */,
				D2610C6228FC93F900A02A36 /* Release */,
			);
			defaultConfigurationIsVisible = 0;
			defaultConfigurationName = Release;
		};
/* End XCConfigurationList section */
	};
	rootObject = D2610C2E28FC93F800A02A36 /* Project object */;
}
